
Microsoft Visual Studio Solution File, Format Version 12.00
# Visual Studio Version 16
VisualStudioVersion = 16.0.31229.75
MinimumVisualStudioVersion = 10.0.40219.1
Project("{9A19103F-16F7-4668-BE54-9A1E7A4F7556}") = "TweetStatsViewer.Business", "TweetStatsViewer.Business\TweetStatsViewer.Business.csproj", "{9BAB63DA-7C1D-4690-9FB2-B0B89EB5731C}"
EndProject
Project("{9A19103F-16F7-4668-BE54-9A1E7A4F7556}") = "TweetStatsViewer.Interfaces", "TweetStatsViewer.Interfaces\TweetStatsViewer.Interfaces.csproj", "{5EAC90B4-38FA-4C08-BDE4-F2CDB2D33B26}"
EndProject
Project("{9A19103F-16F7-4668-BE54-9A1E7A4F7556}") = "TweetStatsViewer.Tests", "TweetStatsViewer.Tests\TweetStatsViewer.Tests.csproj", "{7563AFFE-D853-4268-A597-EF7DEA35583F}"
EndProject
Project("{FAE04EC0-301F-11D3-BF4B-00C04F79EFBC}") = "TweetStatsViewer.Models", "TweetStatsViewer.Models\TweetStatsViewer.Models.csproj", "{3ACE809B-779E-491F-81E5-D58E73B6DF53}"
EndProject
Project("{9A19103F-16F7-4668-BE54-9A1E7A4F7556}") = "TweetStatsViewer.Terminal", "TweetStatsViewer.Terminal\TweetStatsViewer.Terminal.csproj", "{D7DFAF69-5F7D-4711-9EA4-04839A65128C}"
EndProject
Project("{FAE04EC0-301F-11D3-BF4B-00C04F79EFBC}") = "TweetStatsViewer.Data", "TweetStatsViewer.Data\TweetStatsViewer.Data.csproj", "{8A599738-C44F-414E-A2CB-3061AC309C44}"
EndProject
Global
	GlobalSection(SolutionConfigurationPlatforms) = preSolution
		Debug|Any CPU = Debug|Any CPU
		Release|Any CPU = Release|Any CPU
	EndGlobalSection
	GlobalSection(ProjectConfigurationPlatforms) = postSolution
		{9BAB63DA-7C1D-4690-9FB2-B0B89EB5731C}.Debug|Any CPU.ActiveCfg = Debug|Any CPU
		{9BAB63DA-7C1D-4690-9FB2-B0B89EB5731C}.Debug|Any CPU.Build.0 = Debug|Any CPU
		{9BAB63DA-7C1D-4690-9FB2-B0B89EB5731C}.Release|Any CPU.ActiveCfg = Release|Any CPU
		{9BAB63DA-7C1D-4690-9FB2-B0B89EB5731C}.Release|Any CPU.Build.0 = Release|Any CPU
		{5EAC90B4-38FA-4C08-BDE4-F2CDB2D33B26}.Debug|Any CPU.ActiveCfg = Debug|Any CPU
		{5EAC90B4-38FA-4C08-BDE4-F2CDB2D33B26}.Debug|Any CPU.Build.0 = Debug|Any CPU
		{5EAC90B4-38FA-4C08-BDE4-F2CDB2D33B26}.Release|Any CPU.ActiveCfg = Release|Any CPU
		{5EAC90B4-38FA-4C08-BDE4-F2CDB2D33B26}.Release|Any CPU.Build.0 = Release|Any CPU
		{7563AFFE-D853-4268-A597-EF7DEA35583F}.Debug|Any CPU.ActiveCfg = Debug|Any CPU
		{7563AFFE-D853-4268-A597-EF7DEA35583F}.Debug|Any CPU.Build.0 = Debug|Any CPU
		{7563AFFE-D853-4268-A597-EF7DEA35583F}.Release|Any CPU.ActiveCfg = Release|Any CPU
		{7563AFFE-D853-4268-A597-EF7DEA35583F}.Release|Any CPU.Build.0 = Release|Any CPU
		{3ACE809B-779E-491F-81E5-D58E73B6DF53}.Debug|Any CPU.ActiveCfg = Debug|Any CPU
		{3ACE809B-779E-491F-81E5-D58E73B6DF53}.Debug|Any CPU.Build.0 = Debug|Any CPU
		{3ACE809B-779E-491F-81E5-D58E73B6DF53}.Release|Any CPU.ActiveCfg = Release|Any CPU
		{3ACE809B-779E-491F-81E5-D58E73B6DF53}.Release|Any CPU.Build.0 = Release|Any CPU
		{D7DFAF69-5F7D-4711-9EA4-04839A65128C}.Debug|Any CPU.ActiveCfg = Debug|Any CPU
		{D7DFAF69-5F7D-4711-9EA4-04839A65128C}.Debug|Any CPU.Build.0 = Debug|Any CPU
		{D7DFAF69-5F7D-4711-9EA4-04839A65128C}.Release|Any CPU.ActiveCfg = Release|Any CPU
		{D7DFAF69-5F7D-4711-9EA4-04839A65128C}.Release|Any CPU.Build.0 = Release|Any CPU
		{8A599738-C44F-414E-A2CB-3061AC309C44}.Debug|Any CPU.ActiveCfg = Debug|Any CPU
		{8A599738-C44F-414E-A2CB-3061AC309C44}.Debug|Any CPU.Build.0 = Debug|Any CPU
		{8A599738-C44F-414E-A2CB-3061AC309C44}.Release|Any CPU.ActiveCfg = Release|Any CPU
		{8A599738-C44F-414E-A2CB-3061AC309C44}.Release|Any CPU.Build.0 = Release|Any CPU
	EndGlobalSection
	GlobalSection(SolutionProperties) = preSolution
		HideSolutionNode = FALSE
	EndGlobalSection
	GlobalSection(ExtensibilityGlobals) = postSolution
		SolutionGuid = {2D02CAA5-74CA-477C-8672-C03DD4B00A90}
	EndGlobalSection
EndGlobal
